schema: '2.0'
stages:
  ingest:
    cmd: python src/ingest.py
    deps:
    - path: src/ingest.py
      hash: md5
      md5: 790eb949c9814eeee59a53cfc96ed6f0
      size: 18383
    - path: src/schemas.py
      hash: md5
      md5: 571dff80d91de09c69a78bf836507ae6
      size: 5636
    params:
      params.yaml:
        ingest.start_date: '2017-01-01'
    outs:
    - path: data/bronze/bvc_prices.parquet
      hash: md5
      md5: b2bb14f2e816d8edede0fabb9cfefa32
      size: 29635
    - path: data/bronze/raw_bam_macro.parquet
      hash: md5
      md5: f982d2d1b849d3ef4d91afa278f68f03
      size: 53168
    - path: data/bronze/raw_macro.parquet
      hash: md5
      md5: 175e03ae01b418fb8ea0886478b0c65a
      size: 61453
    - path: data/bronze/raw_prices.parquet
      hash: md5
      md5: a6ad626676691339f14a98e94ce4e810
      size: 108514
  clean:
    cmd: python src/clean.py
    deps:
    - path: data/bronze/bvc_prices.parquet
      hash: md5
      md5: b2bb14f2e816d8edede0fabb9cfefa32
      size: 29635
    - path: data/bronze/raw_prices.parquet
      hash: md5
      md5: a6ad626676691339f14a98e94ce4e810
      size: 108514
    - path: src/clean.py
      hash: md5
      md5: 19626e662da56a86304d35f7b545b3a8
      size: 11684
    - path: src/schemas.py
      hash: md5
      md5: 571dff80d91de09c69a78bf836507ae6
      size: 5636
    params:
      params.yaml:
        clean.ffill_limit: 5
    outs:
    - path: data/silver/log_returns.parquet
      hash: md5
      md5: f80c372ab18412bf625bf7a48137e4b3
      size: 116422
    - path: data/silver/log_returns_etf.parquet
      hash: md5
      md5: 1f746fb6e0c794b9b2f23ffbe82a12ee
      size: 139888
    - path: data/silver/validation_report.json
      hash: md5
      md5: 3016f4d5022d1ce2fe19cef4692f6e6b
      size: 1821
    - path: data/silver/validation_report_log_returns_etf.json
      hash: md5
      md5: 37ea596756b60cfc1695d88982f54343
      size: 1222
  features:
    cmd: python src/features.py
    deps:
    - path: data/bronze/raw_bam_macro.parquet
      hash: md5
      md5: f982d2d1b849d3ef4d91afa278f68f03
      size: 53168
    - path: data/bronze/raw_macro.parquet
      hash: md5
      md5: 175e03ae01b418fb8ea0886478b0c65a
      size: 61453
    - path: data/silver/log_returns.parquet
      hash: md5
      md5: f80c372ab18412bf625bf7a48137e4b3
      size: 116422
    - path: data/silver/log_returns_etf.parquet
      hash: md5
      md5: 1f746fb6e0c794b9b2f23ffbe82a12ee
      size: 139888
    - path: src/features.py
      hash: md5
      md5: f746629e1d58298111b1b3f08f58ea2e
      size: 9914
    - path: src/schemas.py
      hash: md5
      md5: 571dff80d91de09c69a78bf836507ae6
      size: 5636
    params:
      params.yaml:
        features.macro_lag_days: 1
    outs:
    - path: data/gold/log_returns.parquet
      hash: md5
      md5: f80c372ab18412bf625bf7a48137e4b3
      size: 116422
    - path: data/gold/log_returns_etf.parquet
      hash: md5
      md5: 1f746fb6e0c794b9b2f23ffbe82a12ee
      size: 139888
    - path: data/gold/macro_features.parquet
      hash: md5
      md5: 9d8ff4f776b6cae92841c9a951c72100
      size: 56555
    - path: data/gold/stationarity_report.parquet
      hash: md5
      md5: 22cc32129c819612dac85615e7b4f468
      size: 5258
  ml_features:
    cmd: python src/ml_features.py
    deps:
    - path: data/bronze/raw_bam_macro.parquet
      hash: md5
      md5: 428a2a11293dc745352198724e89a043
      size: 53312
    - path: data/bronze/raw_macro.parquet
      hash: md5
      md5: 5fb676c97fff6fb75b78b5f43c8791d7
      size: 61582
    - path: data/gold/log_returns.parquet
      hash: md5
      md5: 9d57af0aa06fa639602b0a01e262467f
      size: 116882
    - path: data/gold/log_returns_etf.parquet
      hash: md5
      md5: 1f746fb6e0c794b9b2f23ffbe82a12ee
      size: 139888
    - path: src/ml_features.py
      hash: md5
      md5: c0157a7e8cd07b20d91b66d1671d7a90
      size: 15581
    - path: src/utils.py
      hash: md5
      md5: 35b5475e2f85011b00a9079998d8e25a
      size: 1676
    params:
      params.yaml:
        ml_features.correlation_min_periods: 42
        ml_features.correlation_window: 63
        ml_features.macro_lag_days: 1
        ml_features.volatility_long_window: 63
        ml_features.volatility_short_window: 21
    outs:
    - path: data/gold/ml_features_etf.parquet
      hash: md5
      md5: defae66dc82c770398420e90bce07458
      size: 217263
    - path: data/gold/ml_features_full.parquet
      hash: md5
      md5: ffdda3631355dd47c83f453821264f74
      size: 120944
    - path: data/gold/ml_features_manifest.json
      hash: md5
      md5: 9f93bd936fcf01b8a2df699e804f0606
      size: 3323
