schema: '2.0'
stages:
  ingest:
    cmd: python src/ingest.py
    deps:
    - path: src/ingest.py
      hash: md5
      md5: b21d39a67ea710a966afe85847a02bc5
      size: 19763
    - path: src/schemas.py
      hash: md5
      md5: 571dff80d91de09c69a78bf836507ae6
      size: 5636
    params:
      params.yaml:
        ingest.start_date: '2004-11-18'
    outs:
    - path: data/bronze/bvc_prices.parquet
      hash: md5
      md5: eccfe591ea0c8eb9ce8e1bb63bc2dfe9
      size: 29926
    - path: data/bronze/raw_bam_macro.parquet
      hash: md5
      md5: bffb98ee7acb96a4d9555b316780f6c6
      size: 109548
    - path: data/bronze/raw_macro.parquet
      hash: md5
      md5: 90cafcae5d45c2eb96d191b0438fe0d8
      size: 128927
    - path: data/bronze/raw_prices.parquet
      hash: md5
      md5: c147d96d46a468ce5effc51396f84aa0
      size: 243682
  clean:
    cmd: python src/clean.py
    deps:
    - path: data/bronze/bam_fx_reference.parquet
      hash: md5
      md5: 7bdbb650d2c7b605fd64bd4cb017b5ad
      size: 22609
    - path: data/bronze/bvc_dividends
      hash: md5
      md5: f33c41bd81ff15ccfb0876a5dc76f646.dir
      size: 715775
      nfiles: 4
    - path: data/bronze/bvc_prices.parquet
      hash: md5
      md5: eccfe591ea0c8eb9ce8e1bb63bc2dfe9
      size: 29926
    - path: data/bronze/raw_prices.parquet
      hash: md5
      md5: c147d96d46a468ce5effc51396f84aa0
      size: 243682
    - path: src/clean.py
      hash: md5
      md5: 154aefdfbe7d64d7ed2e3a67fa280ad9
      size: 25934
    - path: src/currency.py
      hash: md5
      md5: 6fb79d85f2c3bf7301f594e3f0a92a30
      size: 40059
    - path: src/dividends.py
      hash: md5
      md5: 7dd76c483b7d926faaf1379f64625834
      size: 14360
    - path: src/schemas.py
      hash: md5
      md5: 571dff80d91de09c69a78bf836507ae6
      size: 5636
    params:
      params.yaml:
        clean.ffill_limit: 5
    outs:
    - path: data/silver/log_returns.parquet
      hash: md5
      md5: ecd2b5115becc1fef0e752883ed81bd0
      size: 117821
    - path: data/silver/log_returns_etf.parquet
      hash: md5
      md5: 400e0385ddefa858cf73dbf285e3c8a4
      size: 317942
    - path: data/silver/validation_report.json
      hash: md5
      md5: 5698ca9fea5a137056127fc69f47fc58
      size: 4485
    - path: data/silver/validation_report_log_returns_etf.json
      hash: md5
      md5: d5f3d3e46bd66575b71431d9d30f2bb8
      size: 2226
  features:
    cmd: python src/features.py
    deps:
    - path: data/bronze/raw_bam_macro.parquet
      hash: md5
      md5: bffb98ee7acb96a4d9555b316780f6c6
      size: 109548
    - path: data/bronze/raw_macro.parquet
      hash: md5
      md5: 90cafcae5d45c2eb96d191b0438fe0d8
      size: 128927
    - path: data/silver/log_returns.parquet
      hash: md5
      md5: ecd2b5115becc1fef0e752883ed81bd0
      size: 117821
    - path: data/silver/log_returns_etf.parquet
      hash: md5
      md5: 400e0385ddefa858cf73dbf285e3c8a4
      size: 317942
    - path: src/features.py
      hash: md5
      md5: 0b6ad2eb5dba0af63e89849dfa6fca24
      size: 12330
    - path: src/schemas.py
      hash: md5
      md5: 571dff80d91de09c69a78bf836507ae6
      size: 5636
    params:
      params.yaml:
        features.macro_lag_days: 1
    outs:
    - path: data/gold/currency_manifest.json
      hash: md5
      md5: 533b17de53871eb785bb82b53ab71e74
      size: 4040
    - path: data/gold/log_returns.parquet
      hash: md5
      md5: ecd2b5115becc1fef0e752883ed81bd0
      size: 117821
    - path: data/gold/log_returns_etf.parquet
      hash: md5
      md5: 400e0385ddefa858cf73dbf285e3c8a4
      size: 317942
    - path: data/gold/macro_features.parquet
      hash: md5
      md5: 3738776dca564f09c03056ac6de4b97a
      size: 56716
    - path: data/gold/stationarity_report.parquet
      hash: md5
      md5: a64bb3bad4f6f13a8cef8bb2d56bf7d0
      size: 5241
  ml_features:
    cmd: python src/ml_features.py
    deps:
    - path: data/bronze/raw_bam_macro.parquet
      hash: md5
      md5: bffb98ee7acb96a4d9555b316780f6c6
      size: 109548
    - path: data/bronze/raw_macro.parquet
      hash: md5
      md5: 90cafcae5d45c2eb96d191b0438fe0d8
      size: 128927
    - path: data/gold/log_returns.parquet
      hash: md5
      md5: ecd2b5115becc1fef0e752883ed81bd0
      size: 117821
    - path: data/gold/log_returns_etf.parquet
      hash: md5
      md5: 400e0385ddefa858cf73dbf285e3c8a4
      size: 317942
    - path: src/ml_features.py
      hash: md5
      md5: f25bfc8e5c15060dbdd2fbe43b113083
      size: 18483
    - path: src/utils.py
      hash: md5
      md5: d6e753927fdabb31161e4cfc7a57d1a0
      size: 2936
    params:
      params.yaml:
        ml_features.correlation_min_periods: 42
        ml_features.correlation_window: 63
        ml_features.macro_lag_days: 1
        ml_features.volatility_long_window: 63
        ml_features.volatility_short_window: 21
    outs:
    - path: data/gold/ml_features_etf.parquet
      hash: md5
      md5: 97e87574aa4c10ab983b116c8a04d847
      size: 482732
    - path: data/gold/ml_features_full.parquet
      hash: md5
      md5: dcc369903acb5139b52782c098d33614
      size: 119827
    - path: data/gold/ml_features_manifest.json
      hash: md5
      md5: 7138a806effaaf2909aaf91668992f05
      size: 4741
  phase2_hurdle:
    cmd: python src/run_backtest.py
    deps:
    - path: data/gold/log_returns.parquet
      hash: md5
      md5: ecd2b5115becc1fef0e752883ed81bd0
      size: 117821
    - path: data/gold/log_returns_etf.parquet
      hash: md5
      md5: 400e0385ddefa858cf73dbf285e3c8a4
      size: 317942
    - path: src/backtest.py
      hash: md5
      md5: 33b264c68692a63a937944418bb0e1f5
      size: 15621
    - path: src/memo.py
      hash: md5
      md5: fe36eac64ccc01617c4641d6744136f1
      size: 8618
    - path: src/metrics.py
      hash: md5
      md5: a7a9578c1b4daeaf27a2ba9656307de4
      size: 36258
    - path: src/run_backtest.py
      hash: md5
      md5: 0c487a6acf7cf270a8959cc42926c74c
      size: 8501
    - path: src/strategies.py
      hash: md5
      md5: e14c05a35b6727c01bac51b66afcef58
      size: 32414
    params:
      params.yaml:
        backtest.costs_bps:
          etf: 10
          bvc: 30
        backtest.max_weight: 0.25
        backtest.min_train_days: 252
        backtest.rebalance_freq: ME
        backtest.risk_free_annual: 0.0
    outs:
    - path: data/gold/phase2_hurdle.json
      hash: md5
      md5: 781059f07451f5686ab077cdb70ad358
      size: 534
  phase4_compare:
    cmd: python src/run_phase4.py
    deps:
    - path: data/gold/log_returns.parquet
      hash: md5
      md5: ecd2b5115becc1fef0e752883ed81bd0
      size: 117821
    - path: data/gold/log_returns_etf.parquet
      hash: md5
      md5: 400e0385ddefa858cf73dbf285e3c8a4
      size: 317942
    - path: data/gold/ml_features_etf.parquet
      hash: md5
      md5: 97e87574aa4c10ab983b116c8a04d847
      size: 482732
    - path: data/gold/ml_features_full.parquet
      hash: md5
      md5: dcc369903acb5139b52782c098d33614
      size: 119827
    - path: data/gold/phase2_hurdle.json
      hash: md5
      md5: 781059f07451f5686ab077cdb70ad358
      size: 534
    - path: src/backtest.py
      hash: md5
      md5: 33b264c68692a63a937944418bb0e1f5
      size: 15621
    - path: src/dcc_garch.py
      hash: md5
      md5: ab64cd40f12f65314ca5ee643f3e4032
      size: 10420
    - path: src/memo.py
      hash: md5
      md5: fe36eac64ccc01617c4641d6744136f1
      size: 8618
    - path: src/metrics.py
      hash: md5
      md5: a7a9578c1b4daeaf27a2ba9656307de4
      size: 36258
    - path: src/regime.py
      hash: md5
      md5: 23cba30454ec306ceea5c08dde3c7299
      size: 10504
    - path: src/run_phase4.py
      hash: md5
      md5: 76f45b09b4bf39097ea9c3346b8941b9
      size: 15261
    - path: src/strategies.py
      hash: md5
      md5: e14c05a35b6727c01bac51b66afcef58
      size: 32414
    params:
      params.yaml:
        backtest.costs_bps:
          etf: 10
          bvc: 30
        backtest.max_weight: 0.25
        backtest.min_train_days: 252
        backtest.rebalance_freq: ME
        backtest.risk_free_annual: 0.0
        covariance_dcc_garch.dcc_a_init: 0.02
        covariance_dcc_garch.dcc_b_init: 0.95
        covariance_dcc_garch.garch_p: 1
        covariance_dcc_garch.garch_q: 1
        covariance_dcc_garch.rescale_factor: 100
        covariance_ewma.halflife_days: 63
        regime.bear_strategy: min_variance_lw
        regime.bull_strategy: max_sharpe
        regime.covariance_type: diag
        regime.features:
        - MARKET_RETURN
        - MARKET_VOL_SHORT
        - AVG_PAIRWISE_CORR
        regime.min_regime_train_days: 252
        regime.n_restarts: 5
        regime.n_states: 2
        regime.random_state_base: 0
    outs:
    - path: data/gold/phase4_results.json
      hash: md5
      md5: ebc0ae88632fed3fa94fdbd88b5ef47a
      size: 668
  phase4b_compare:
    cmd: python src/run_phase4b.py
    deps:
    - path: data/gold/log_returns.parquet
      hash: md5
      md5: ecd2b5115becc1fef0e752883ed81bd0
      size: 117821
    - path: data/gold/log_returns_etf.parquet
      hash: md5
      md5: 400e0385ddefa858cf73dbf285e3c8a4
      size: 317942
    - path: data/gold/ml_features_etf.parquet
      hash: md5
      md5: 97e87574aa4c10ab983b116c8a04d847
      size: 482732
    - path: data/gold/ml_features_full.parquet
      hash: md5
      md5: dcc369903acb5139b52782c098d33614
      size: 119827
    - path: data/gold/phase4_results.json
      hash: md5
      md5: ebc0ae88632fed3fa94fdbd88b5ef47a
      size: 668
    - path: src/backtest.py
      hash: md5
      md5: 33b264c68692a63a937944418bb0e1f5
      size: 15621
    - path: src/dcc_garch.py
      hash: md5
      md5: ab64cd40f12f65314ca5ee643f3e4032
      size: 10420
    - path: src/memo.py
      hash: md5
      md5: fe36eac64ccc01617c4641d6744136f1
      size: 8618
    - path: src/metrics.py
      hash: md5
      md5: a7a9578c1b4daeaf27a2ba9656307de4
      size: 36258
    - path: src/ml_signals.py
      hash: md5
      md5: 8deb9470629e15379eff17bdf89b4b71
      size: 40942
    - path: src/regime.py
      hash: md5
      md5: 23cba30454ec306ceea5c08dde3c7299
      size: 10504
    - path: src/run_phase4.py
      hash: md5
      md5: 76f45b09b4bf39097ea9c3346b8941b9
      size: 15261
    - path: src/run_phase4b.py
      hash: md5
      md5: c358afc3cc52d45b4b8e14f87bc62180
      size: 12238
    - path: src/strategies.py
      hash: md5
      md5: e14c05a35b6727c01bac51b66afcef58
      size: 32414
    params:
      params.yaml:
        backtest.costs_bps:
          etf: 10
          bvc: 30
        backtest.max_weight: 0.25
        backtest.min_train_days: 252
        backtest.rebalance_freq: ME
        backtest.risk_free_annual: 0.0
        covariance_dcc_garch.dcc_a_init: 0.02
        covariance_dcc_garch.dcc_b_init: 0.95
        covariance_dcc_garch.garch_p: 1
        covariance_dcc_garch.garch_q: 1
        covariance_dcc_garch.rescale_factor: 100
        covariance_ewma.halflife_days: 63
        ml_signals.condition_on_regime: true
        ml_signals.long_window: 63
        ml_signals.min_train_rows: 504
        ml_signals.momentum_windows:
        - 5
        - 21
        - 63
        ml_signals.random_forest:
          n_estimators: 200
          max_depth: 4
          min_samples_leaf: 20
          random_state: 0
        ml_signals.short_window: 21
        ml_signals.xgboost:
          n_estimators: 200
          max_depth: 3
          learning_rate: 0.05
          random_state: 0
        regime.bear_strategy: min_variance_lw
        regime.bull_strategy: max_sharpe
        regime.covariance_type: diag
        regime.features:
        - MARKET_RETURN
        - MARKET_VOL_SHORT
        - AVG_PAIRWISE_CORR
        regime.min_regime_train_days: 252
        regime.n_restarts: 5
        regime.n_states: 2
        regime.random_state_base: 0
    outs:
    - path: data/gold/phase4b_results.json
      hash: md5
      md5: a6b2c5490082645706bc18b3252dcec2
      size: 670
  phase5_compare:
    cmd: python src/run_phase5.py
    deps:
    - path: data/gold/log_returns.parquet
      hash: md5
      md5: ecd2b5115becc1fef0e752883ed81bd0
      size: 117821
    - path: data/gold/log_returns_etf.parquet
      hash: md5
      md5: 400e0385ddefa858cf73dbf285e3c8a4
      size: 317942
    - path: data/gold/ml_features_etf.parquet
      hash: md5
      md5: 97e87574aa4c10ab983b116c8a04d847
      size: 482732
    - path: data/gold/ml_features_full.parquet
      hash: md5
      md5: dcc369903acb5139b52782c098d33614
      size: 119827
    - path: data/gold/phase4_results.json
      hash: md5
      md5: ebc0ae88632fed3fa94fdbd88b5ef47a
      size: 668
    - path: data/gold/reality_check_results.json
      hash: md5
      md5: 1e059b51e7a8421c89e0875953be23f8
      size: 10182
    - path: src/backtest.py
      hash: md5
      md5: 33b264c68692a63a937944418bb0e1f5
      size: 15621
    - path: src/memo.py
      hash: md5
      md5: fe36eac64ccc01617c4641d6744136f1
      size: 8618
    - path: src/metrics.py
      hash: md5
      md5: a7a9578c1b4daeaf27a2ba9656307de4
      size: 36258
    - path: src/ml_signals.py
      hash: md5
      md5: 8deb9470629e15379eff17bdf89b4b71
      size: 40942
    - path: src/model_selection.py
      hash: md5
      md5: 586e41fc323a71247e125dee54a14634
      size: 13882
    - path: src/purged_kfold.py
      hash: md5
      md5: 6d40001c67cbf63bcc06ad19ff0c9992
      size: 16026
    - path: src/regime.py
      hash: md5
      md5: 23cba30454ec306ceea5c08dde3c7299
      size: 10504
    - path: src/run_phase4.py
      hash: md5
      md5: 76f45b09b4bf39097ea9c3346b8941b9
      size: 15261
    - path: src/run_phase5.py
      hash: md5
      md5: 4271e3a0ac841e7420cc4e8a908b91fb
      size: 28280
    - path: src/strategies.py
      hash: md5
      md5: e14c05a35b6727c01bac51b66afcef58
      size: 32414
    params:
      params.yaml:
        backtest.costs_bps:
          etf: 10
          bvc: 30
        backtest.max_weight: 0.25
        backtest.min_train_days: 252
        backtest.rebalance_freq: ME
        backtest.risk_free_annual: 0.0
        ml_signals.condition_on_regime: true
        ml_signals.long_window: 63
        ml_signals.min_train_rows: 504
        ml_signals.momentum_windows:
        - 5
        - 21
        - 63
        ml_signals.short_window: 21
        phase5.bootstrap:
          block_len: 21
          n_boot: 2000
          alpha: 0.1
          seed: 0
        phase5.penalty_grid:
        - 0.0
        - 0.5
        - 1.0
        - 2.0
        phase5.rf_grid:
          max_depth:
          - 3
          - 4
          - 6
          min_samples_leaf:
          - 10
          - 20
          n_estimators:
          - 200
        phase5.shrink_grid:
        - 0.25
        - 0.5
        - 0.75
        - 1.0
        phase5.test_frac: 0.35
        phase5.xgb_grid:
          max_depth:
          - 2
          - 3
          - 4
          learning_rate:
          - 0.03
          - 0.05
          - 0.1
          n_estimators:
          - 200
        purged_cv.embargo_frac: 0.02
        purged_cv.n_splits: 5
        regime.bear_strategy: min_variance_lw
        regime.bull_strategy: max_sharpe
        regime.covariance_type: diag
        regime.features:
        - MARKET_RETURN
        - MARKET_VOL_SHORT
        - AVG_PAIRWISE_CORR
        regime.min_regime_train_days: 252
        regime.n_restarts: 5
        regime.n_states: 2
        regime.random_state_base: 0
        walk_forward_cv.embargo_dates: 5
        walk_forward_cv.label_horizon: 1
        walk_forward_cv.min_train_dates: 378
        walk_forward_cv.mode: expanding
        walk_forward_cv.n_splits: 5
        walk_forward_cv.step_dates:
        walk_forward_cv.val_dates: 63
    outs:
    - path: data/gold/dsr_trial_ledger.json
      hash: md5
      md5: 8a8b9c94590eda085124544fc3b88fd9
      size: 7187871
    - path: data/gold/paired_comparison_results.json
      hash: md5
      md5: d8c78ebab055324f8a79eeb14a82dbf6
      size: 12083
    - path: data/gold/phase5_results.json
      hash: md5
      md5: 95fd87972c31147f7842bb5a1ac53cea
      size: 3907
    - path: data/gold/phase5_validation_protocol.json
      hash: md5
      md5: 6ac5af299b593a63e6c962b37ce93e0d
      size: 12360
  dashboard_data:
    cmd: python src/run_dashboard_data.py
    deps:
    - path: data/gold/log_returns.parquet
      hash: md5
      md5: ecd2b5115becc1fef0e752883ed81bd0
      size: 117821
    - path: data/gold/log_returns_etf.parquet
      hash: md5
      md5: 400e0385ddefa858cf73dbf285e3c8a4
      size: 317942
    - path: data/gold/ml_features_etf.parquet
      hash: md5
      md5: 97e87574aa4c10ab983b116c8a04d847
      size: 482732
    - path: data/gold/ml_features_full.parquet
      hash: md5
      md5: dcc369903acb5139b52782c098d33614
      size: 119827
    - path: data/gold/phase5_results.json
      hash: md5
      md5: 95fd87972c31147f7842bb5a1ac53cea
      size: 3907
    - path: src/backtest.py
      hash: md5
      md5: 33b264c68692a63a937944418bb0e1f5
      size: 15621
    - path: src/memo.py
      hash: md5
      md5: fe36eac64ccc01617c4641d6744136f1
      size: 8618
    - path: src/metrics.py
      hash: md5
      md5: a7a9578c1b4daeaf27a2ba9656307de4
      size: 36258
    - path: src/regime.py
      hash: md5
      md5: 23cba30454ec306ceea5c08dde3c7299
      size: 10504
    - path: src/run_dashboard_data.py
      hash: md5
      md5: a22853657dbd8ff3795ee1705a456132
      size: 17153
    - path: src/run_phase4.py
      hash: md5
      md5: 76f45b09b4bf39097ea9c3346b8941b9
      size: 15261
    - path: src/strategies.py
      hash: md5
      md5: e14c05a35b6727c01bac51b66afcef58
      size: 32414
    params:
      params.yaml:
        backtest.costs_bps:
          etf: 10
          bvc: 30
        backtest.max_weight: 0.25
        backtest.min_train_days: 252
        backtest.rebalance_freq: ME
        backtest.risk_free_annual: 0.0
        regime.covariance_type: diag
        regime.features:
        - MARKET_RETURN
        - MARKET_VOL_SHORT
        - AVG_PAIRWISE_CORR
        regime.min_regime_train_days: 252
        regime.n_restarts: 5
        regime.n_states: 2
        regime.random_state_base: 0
    outs:
    - path: data/gold/dashboard_equity.parquet
      hash: md5
      md5: f1d37aa1b87bde17990ed58d1f216e4b
      size: 458971
    - path: data/gold/dashboard_regime.parquet
      hash: md5
      md5: 97fe1f921c3d389365782cf354fd10ec
      size: 11991
    - path: data/gold/dashboard_showcase.json
      hash: md5
      md5: 850eab55319290dbbfe275ee31ec8e45
      size: 4013
    - path: data/gold/dashboard_weights.parquet
      hash: md5
      md5: 78f559bfa9a3dee3ec2d7483918bb0ef
      size: 17464
  phase4c_compare:
    cmd: python src/run_phase4c.py
    deps:
    - path: data/gold/log_returns.parquet
      hash: md5
      md5: ecd2b5115becc1fef0e752883ed81bd0
      size: 117821
    - path: data/gold/log_returns_etf.parquet
      hash: md5
      md5: 400e0385ddefa858cf73dbf285e3c8a4
      size: 317942
    - path: data/gold/ml_features_etf.parquet
      hash: md5
      md5: 97e87574aa4c10ab983b116c8a04d847
      size: 482732
    - path: data/gold/ml_features_full.parquet
      hash: md5
      md5: dcc369903acb5139b52782c098d33614
      size: 119827
    - path: data/gold/phase4_results.json
      hash: md5
      md5: ebc0ae88632fed3fa94fdbd88b5ef47a
      size: 668
    - path: src/backtest.py
      hash: md5
      md5: 33b264c68692a63a937944418bb0e1f5
      size: 15621
    - path: src/dcc_garch.py
      hash: md5
      md5: ab64cd40f12f65314ca5ee643f3e4032
      size: 10420
    - path: src/memo.py
      hash: md5
      md5: fe36eac64ccc01617c4641d6744136f1
      size: 8618
    - path: src/metrics.py
      hash: md5
      md5: a7a9578c1b4daeaf27a2ba9656307de4
      size: 36258
    - path: src/ml_signals.py
      hash: md5
      md5: 8deb9470629e15379eff17bdf89b4b71
      size: 40942
    - path: src/regime.py
      hash: md5
      md5: 23cba30454ec306ceea5c08dde3c7299
      size: 10504
    - path: src/run_phase4.py
      hash: md5
      md5: 76f45b09b4bf39097ea9c3346b8941b9
      size: 15261
    - path: src/run_phase4b.py
      hash: md5
      md5: c358afc3cc52d45b4b8e14f87bc62180
      size: 12238
    - path: src/run_phase4c.py
      hash: md5
      md5: ea91c942132f5fc8c33bec8e64d7d16e
      size: 15135
    - path: src/strategies.py
      hash: md5
      md5: e14c05a35b6727c01bac51b66afcef58
      size: 32414
    params:
      params.yaml:
        backtest.costs_bps:
          etf: 10
          bvc: 30
        backtest.max_weight: 0.25
        backtest.min_train_days: 252
        backtest.rebalance_freq: ME
        backtest.risk_free_annual: 0.0
        covariance_dcc_garch.dcc_a_init: 0.02
        covariance_dcc_garch.dcc_b_init: 0.95
        covariance_dcc_garch.garch_p: 1
        covariance_dcc_garch.garch_q: 1
        covariance_dcc_garch.rescale_factor: 100
        covariance_ewma.halflife_days: 63
        ml_signals.condition_on_regime: true
        ml_signals.long_window: 63
        ml_signals.min_train_rows: 504
        ml_signals.momentum_windows:
        - 5
        - 21
        - 63
        ml_signals.random_forest:
          n_estimators: 200
          max_depth: 4
          min_samples_leaf: 20
          random_state: 0
        ml_signals.short_window: 21
        ml_signals.xgboost:
          n_estimators: 200
          max_depth: 3
          learning_rate: 0.05
          random_state: 0
        phase4c.shrinkage_weight: 0.5
        phase4c.turnover_penalty: 1.0
        regime.bear_strategy: min_variance_lw
        regime.bull_strategy: max_sharpe
        regime.covariance_type: diag
        regime.features:
        - MARKET_RETURN
        - MARKET_VOL_SHORT
        - AVG_PAIRWISE_CORR
        regime.min_regime_train_days: 252
        regime.n_restarts: 5
        regime.n_states: 2
        regime.random_state_base: 0
    outs:
    - path: data/gold/phase4c_results.json
      hash: md5
      md5: 8b54f12acbfa7610df8d1b85ffddd6f4
      size: 4470
  crisis_windows:
    cmd: python experiments/crisis_windows.py
    deps:
    - path: data/gold/dashboard_equity.parquet
      hash: md5
      md5: f1d37aa1b87bde17990ed58d1f216e4b
      size: 458971
    - path: data/gold/dashboard_regime.parquet
      hash: md5
      md5: 97fe1f921c3d389365782cf354fd10ec
      size: 11991
    - path: experiments/crisis_windows.py
      hash: md5
      md5: 9de6c84df231946dfaf2cffb90d25cef
      size: 12473
    outs:
    - path: data/gold/crisis_windows.json
      hash: md5
      md5: 794cec6711548198052360718ca25327
      size: 8358
  snapshot_manifest:
    cmd: python src/snapshot.py write
    deps:
    - path: data/bronze/bvc_prices.parquet
      hash: md5
      md5: eccfe591ea0c8eb9ce8e1bb63bc2dfe9
      size: 29926
    - path: data/bronze/raw_bam_macro.parquet
      hash: md5
      md5: bffb98ee7acb96a4d9555b316780f6c6
      size: 109548
    - path: data/bronze/raw_macro.parquet
      hash: md5
      md5: 90cafcae5d45c2eb96d191b0438fe0d8
      size: 128927
    - path: data/bronze/raw_prices.parquet
      hash: md5
      md5: c147d96d46a468ce5effc51396f84aa0
      size: 243682
    - path: data/gold/crisis_windows.json
      hash: md5
      md5: e17d9728441a2fd9fe0261adfb31622b
      size: 8360
    - path: data/gold/dashboard_equity.parquet
      hash: md5
      md5: bc54a6643f7123ea451d03222eebb5bc
      size: 465978
    - path: data/gold/dashboard_regime.parquet
      hash: md5
      md5: 32de85c8bc584bd08f4aba3363c42a50
      size: 12063
    - path: data/gold/dashboard_showcase.json
      hash: md5
      md5: 2abdefda287391cdaee68824261e8fbb
      size: 4011
    - path: data/gold/dashboard_weights.parquet
      hash: md5
      md5: 35df5d1cef889227bf6b2b5f2e5dcb69
      size: 17762
    - path: data/gold/dsr_trial_ledger.json
      hash: md5
      md5: 0dab12e3eb7804e6ea6785eb299fa86f
      size: 7212650
    - path: data/gold/fit_report_summary.json
      hash: md5
      md5: 14f98662230e851f047fe3ee72a68d5f
      size: 38789
    - path: data/gold/fit_reports.parquet
      hash: md5
      md5: af575bd110c558260cf45163efcc2c92
      size: 10599
    - path: data/gold/log_returns.parquet
      hash: md5
      md5: bd21b9bc62cc2646edf90cc008ef0a10
      size: 117723
    - path: data/gold/log_returns_etf.parquet
      hash: md5
      md5: 400e0385ddefa858cf73dbf285e3c8a4
      size: 317942
    - path: data/gold/ml_features_etf.parquet
      hash: md5
      md5: 97e87574aa4c10ab983b116c8a04d847
      size: 482732
    - path: data/gold/ml_features_full.parquet
      hash: md5
      md5: cc929d7b138755e25d386463ac5e334f
      size: 121639
    - path: data/gold/model_explanations.json
      hash: md5
      md5: 37eb0f7200aa919a7d4a02f0b676ae13
      size: 36590
    - path: data/gold/monitoring_baseline.json
      hash: md5
      md5: 4d94af0530cff995fa8d0423249c45b5
      size: 24001
    - path: data/gold/paired_comparison_results.json
      hash: md5
      md5: bbf5978e840b4eb51fcf3aa50237199d
      size: 12018
    - path: data/gold/phase2_hurdle.json
      hash: md5
      md5: 655f015895c13898a158239bb7a6d54f
      size: 535
    - path: data/gold/phase4_results.json
      hash: md5
      md5: 7e30328dca66bab419e4f5b9c91d8a8f
      size: 675
    - path: data/gold/phase4b_results.json
      hash: md5
      md5: 15e7822d7f2c4f30d590061b9a3fd254
      size: 679
    - path: data/gold/phase4c_results.json
      hash: md5
      md5: d7301036419bdb5350a5eaffdd7555b4
      size: 4488
    - path: data/gold/phase5_results.json
      hash: md5
      md5: d1dc093f808c757ed9ad83ff971054e7
      size: 3908
    - path: data/gold/phase5_validation_protocol.json
      hash: md5
      md5: b7a250c24b1b7427ba4491219b236a56
      size: 12364
    - path: data/gold/reality_check_results.json
      hash: md5
      md5: ab883d0136bf340b7e76eb14dcd44461
      size: 10179
    - path: data/gold/reality_check_series.parquet
      hash: md5
      md5: 96b2f69a42b5b8b353b12d70b320ce12
      size: 5406656
    - path: params.yaml
      hash: md5
      md5: 78a3e7c8877df429424f72d6896e39c3
      size: 10489
    - path: requirements.lock.txt
      hash: md5
      md5: ab5a746d0bd42b36a086c3ca7636bb95
      size: 5950
    - path: requirements.txt
      hash: md5
      md5: 7e34d130357c3ae870d20d912f39b27d
      size: 3554
    - path: src/snapshot.py
      hash: md5
      md5: f9c4661f53a183eceb2ec6cdb2a30967
      size: 13811
    outs:
    - path: data/gold/snapshot_manifest.json
      hash: md5
      md5: 3815bbb577b6940d14813b67366c2fb8
      size: 9071
  smoke:
    cmd: python scripts/smoke_pipeline.py
    deps:
    - path: scripts/smoke_pipeline.py
      hash: md5
      md5: 90fc7f912b76ee3abc7261e014d1b08a
      size: 6776
    - path: src/backtest.py
      hash: md5
      md5: 33b264c68692a63a937944418bb0e1f5
      size: 15621
    - path: src/memo.py
      hash: md5
      md5: fe36eac64ccc01617c4641d6744136f1
      size: 8618
    - path: src/ml_signals.py
      hash: md5
      md5: 8deb9470629e15379eff17bdf89b4b71
      size: 40942
    - path: src/regime.py
      hash: md5
      md5: 23cba30454ec306ceea5c08dde3c7299
      size: 10504
    - path: src/strategies.py
      hash: md5
      md5: e14c05a35b6727c01bac51b66afcef58
      size: 32414
    outs:
    - path: data/smoke/smoke_results.json
      hash: md5
      md5: 47cdd73ed6f648e84fbb982694ca5a12
      size: 1205
  scrape_dividends:
    cmd: python src/dividends.py
    deps:
    - path: src/dividends.py
      hash: md5
      md5: 7dd76c483b7d926faaf1379f64625834
      size: 14360
    outs:
    - path: data/bronze/bvc_dividends
      hash: md5
      md5: f33c41bd81ff15ccfb0876a5dc76f646.dir
      size: 715775
      nfiles: 4
  explainability:
    cmd: python src/run_explainability.py
    deps:
    - path: data/gold/log_returns.parquet
      hash: md5
      md5: ecd2b5115becc1fef0e752883ed81bd0
      size: 117821
    - path: data/gold/log_returns_etf.parquet
      hash: md5
      md5: 400e0385ddefa858cf73dbf285e3c8a4
      size: 317942
    - path: data/gold/ml_features_etf.parquet
      hash: md5
      md5: 97e87574aa4c10ab983b116c8a04d847
      size: 482732
    - path: data/gold/ml_features_full.parquet
      hash: md5
      md5: dcc369903acb5139b52782c098d33614
      size: 119827
    - path: data/gold/phase5_results.json
      hash: md5
      md5: 95fd87972c31147f7842bb5a1ac53cea
      size: 3907
    - path: src/explainability.py
      hash: md5
      md5: d8a3b64150defee9665f21a0dd2e08f7
      size: 15954
    - path: src/memo.py
      hash: md5
      md5: fe36eac64ccc01617c4641d6744136f1
      size: 8618
    - path: src/ml_signals.py
      hash: md5
      md5: 8deb9470629e15379eff17bdf89b4b71
      size: 40942
    - path: src/regime.py
      hash: md5
      md5: 23cba30454ec306ceea5c08dde3c7299
      size: 10504
    - path: src/run_explainability.py
      hash: md5
      md5: ab982411029fe1bc397e69384ec36f74
      size: 9575
    - path: src/strategies.py
      hash: md5
      md5: e14c05a35b6727c01bac51b66afcef58
      size: 32414
    params:
      params.yaml:
        backtest.max_weight: 0.25
        backtest.rebalance_freq: ME
        backtest.risk_free_annual: 0.0
        regime.covariance_type: diag
        regime.features:
        - MARKET_RETURN
        - MARKET_VOL_SHORT
        - AVG_PAIRWISE_CORR
        regime.min_regime_train_days: 252
        regime.n_restarts: 5
        regime.n_states: 2
        regime.random_state_base: 0
    outs:
    - path: data/gold/model_explanations.json
      hash: md5
      md5: 620a6c45a9af8ab74f99256230b86b57
      size: 36662
  monitoring_baseline:
    cmd: python src/run_monitoring_baseline.py
    deps:
    - path: data/gold/dashboard_regime.parquet
      hash: md5
      md5: 97fe1f921c3d389365782cf354fd10ec
      size: 11991
    - path: data/gold/dashboard_weights.parquet
      hash: md5
      md5: 78f559bfa9a3dee3ec2d7483918bb0ef
      size: 17464
    - path: data/gold/ml_features_etf.parquet
      hash: md5
      md5: 97e87574aa4c10ab983b116c8a04d847
      size: 482732
    - path: data/gold/ml_features_full.parquet
      hash: md5
      md5: dcc369903acb5139b52782c098d33614
      size: 119827
    - path: data/gold/phase5_results.json
      hash: md5
      md5: 95fd87972c31147f7842bb5a1ac53cea
      size: 3907
    - path: src/monitoring.py
      hash: md5
      md5: 8700bdaae3cacfc8c169c6019e39d7a6
      size: 17748
    - path: src/run_monitoring_baseline.py
      hash: md5
      md5: 907e7922513111d1a205abaf348e08a6
      size: 16520
    params:
      params.yaml:
        backtest.max_weight: 0.25
    outs:
    - path: data/gold/monitoring_baseline.json
      hash: md5
      md5: 33a2ce5c642b9e7a879d4f1b298c24c8
      size: 24094
  fit_reports:
    cmd: python src/run_fit_reports.py
    deps:
    - path: data/gold/log_returns.parquet
      hash: md5
      md5: ecd2b5115becc1fef0e752883ed81bd0
      size: 117821
    - path: data/gold/log_returns_etf.parquet
      hash: md5
      md5: 400e0385ddefa858cf73dbf285e3c8a4
      size: 317942
    - path: data/gold/ml_features_etf.parquet
      hash: md5
      md5: 97e87574aa4c10ab983b116c8a04d847
      size: 482732
    - path: data/gold/ml_features_full.parquet
      hash: md5
      md5: dcc369903acb5139b52782c098d33614
      size: 119827
    - path: src/backtest.py
      hash: md5
      md5: 33b264c68692a63a937944418bb0e1f5
      size: 15621
    - path: src/dcc_garch.py
      hash: md5
      md5: ab64cd40f12f65314ca5ee643f3e4032
      size: 10420
    - path: src/memo.py
      hash: md5
      md5: fe36eac64ccc01617c4641d6744136f1
      size: 8618
    - path: src/ml_signals.py
      hash: md5
      md5: 8deb9470629e15379eff17bdf89b4b71
      size: 40942
    - path: src/regime.py
      hash: md5
      md5: 23cba30454ec306ceea5c08dde3c7299
      size: 10504
    - path: src/run_fit_reports.py
      hash: md5
      md5: a506a8b8b4c1e8d8ecfef3c6b16d98d9
      size: 18549
    - path: src/strategies.py
      hash: md5
      md5: e14c05a35b6727c01bac51b66afcef58
      size: 32414
    - path: src/telemetry.py
      hash: md5
      md5: 2ae96f30d72f280cc9695ac90b9f4a72
      size: 7168
    params:
      params.yaml:
        backtest.costs_bps:
          etf: 10
          bvc: 30
        backtest.max_weight: 0.25
        backtest.min_train_days: 252
        backtest.rebalance_freq: ME
        backtest.risk_free_annual: 0.0
        regime.covariance_type: diag
        regime.min_regime_train_days: 252
        regime.n_restarts: 5
        regime.n_states: 2
        regime.random_state_base: 0
    outs:
    - path: data/gold/fit_report_summary.json
      hash: md5
      md5: 365da65e2d1e8c7b7eb73ddbf16187c6
      size: 38790
    - path: data/gold/fit_reports.parquet
      hash: md5
      md5: 24d9d36ccff8a64517f0f94224019d85
      size: 9841
  reality_check:
    cmd: python src/run_reality_check.py
    deps:
    - path: data/gold/log_returns.parquet
      hash: md5
      md5: ecd2b5115becc1fef0e752883ed81bd0
      size: 117821
    - path: data/gold/log_returns_etf.parquet
      hash: md5
      md5: 400e0385ddefa858cf73dbf285e3c8a4
      size: 317942
    - path: data/gold/ml_features_etf.parquet
      hash: md5
      md5: 97e87574aa4c10ab983b116c8a04d847
      size: 482732
    - path: data/gold/ml_features_full.parquet
      hash: md5
      md5: dcc369903acb5139b52782c098d33614
      size: 119827
    - path: src/memo.py
      hash: md5
      md5: fe36eac64ccc01617c4641d6744136f1
      size: 8618
    - path: src/metrics.py
      hash: md5
      md5: a7a9578c1b4daeaf27a2ba9656307de4
      size: 36258
    - path: src/ml_signals.py
      hash: md5
      md5: 8deb9470629e15379eff17bdf89b4b71
      size: 40942
    - path: src/regime.py
      hash: md5
      md5: 23cba30454ec306ceea5c08dde3c7299
      size: 10504
    - path: src/run_phase5.py
      hash: md5
      md5: 4271e3a0ac841e7420cc4e8a908b91fb
      size: 28280
    - path: src/run_reality_check.py
      hash: md5
      md5: 78d618ad52ebce89ef6f08fd06548320
      size: 16648
    - path: src/strategies.py
      hash: md5
      md5: e14c05a35b6727c01bac51b66afcef58
      size: 32414
    params:
      params.yaml:
        backtest.costs_bps:
          etf: 10
          bvc: 30
        backtest.max_weight: 0.25
        backtest.min_train_days: 252
        backtest.rebalance_freq: ME
        backtest.risk_free_annual: 0.0
        ml_signals.min_train_rows: 504
        phase5.bootstrap:
          block_len: 21
          n_boot: 2000
          alpha: 0.1
          seed: 0
        phase5.penalty_grid:
        - 0.0
        - 0.5
        - 1.0
        - 2.0
        phase5.rf_grid:
          max_depth:
          - 3
          - 4
          - 6
          min_samples_leaf:
          - 10
          - 20
          n_estimators:
          - 200
        phase5.shrink_grid:
        - 0.25
        - 0.5
        - 0.75
        - 1.0
        phase5.test_frac: 0.35
        phase5.xgb_grid:
          max_depth:
          - 2
          - 3
          - 4
          learning_rate:
          - 0.03
          - 0.05
          - 0.1
          n_estimators:
          - 200
    outs:
    - path: data/gold/reality_check_results.json
      hash: md5
      md5: 1e059b51e7a8421c89e0875953be23f8
      size: 10182
    - path: data/gold/reality_check_series.parquet
      hash: md5
      md5: bbc3c92794bd23dc53283b46a7e45b1b
      size: 5423176
  fetch_bam_fx:
    cmd: python scripts/backfill_bam_fx.py
    deps:
    - path: scripts/backfill_bam_fx.py
      hash: md5
      md5: 5a35fd4c10aa47fb7de31be15ad29db9
      size: 12188
    - path: src/bam_fx.py
      hash: md5
      md5: 887a0b4cb3075efb39711a8ca6093b1f
      size: 15865
    outs:
    - path: data/bronze/bam_fx_reference.parquet
      hash: md5
      md5: 7bdbb650d2c7b605fd64bd4cb017b5ad
      size: 22609
    - path: data/bronze/bam_fx_reference_no_publication.json
      hash: md5
      md5: 889ae0278519259dfe553fdaddac76b3
      size: 2166
    - path: data/bronze/bam_fx_reference_quality.json
      hash: md5
      md5: aa15b9ea9e84cecff0b7679327ae2fb9
      size: 1211
  nested_walkforward:
    cmd: python experiments/nested_walkforward.py
    deps:
    - path: data/gold/currency_manifest.json
      hash: md5
      md5: 533b17de53871eb785bb82b53ab71e74
      size: 4040
    - path: data/gold/log_returns.parquet
      hash: md5
      md5: ecd2b5115becc1fef0e752883ed81bd0
      size: 117821
    - path: data/gold/ml_features_full.parquet
      hash: md5
      md5: dcc369903acb5139b52782c098d33614
      size: 119827
    - path: experiments/nested_walkforward.py
      hash: md5
      md5: f927b54e371008f988fec35168e3a8b4
      size: 15432
    - path: src/backtest.py
      hash: md5
      md5: 33b264c68692a63a937944418bb0e1f5
      size: 15621
    - path: src/memo.py
      hash: md5
      md5: fe36eac64ccc01617c4641d6744136f1
      size: 8618
    - path: src/metrics.py
      hash: md5
      md5: a7a9578c1b4daeaf27a2ba9656307de4
      size: 36258
    - path: src/ml_signals.py
      hash: md5
      md5: 8deb9470629e15379eff17bdf89b4b71
      size: 40942
    - path: src/model_selection.py
      hash: md5
      md5: 586e41fc323a71247e125dee54a14634
      size: 13882
    - path: src/provenance.py
      hash: md5
      md5: c94889064caa35b611042df3346ed175
      size: 9555
    - path: src/purged_kfold.py
      hash: md5
      md5: 6d40001c67cbf63bcc06ad19ff0c9992
      size: 16026
    - path: src/regime.py
      hash: md5
      md5: 23cba30454ec306ceea5c08dde3c7299
      size: 10504
    - path: src/run_phase4.py
      hash: md5
      md5: 76f45b09b4bf39097ea9c3346b8941b9
      size: 15261
    - path: src/strategies.py
      hash: md5
      md5: e14c05a35b6727c01bac51b66afcef58
      size: 32414
    params:
      params.yaml:
        backtest.costs_bps:
          etf: 10
          bvc: 30
        backtest.max_weight: 0.25
        backtest.min_train_days: 252
        backtest.rebalance_freq: ME
        backtest.risk_free_annual: 0.0
        ml_signals.condition_on_regime: true
        ml_signals.long_window: 63
        ml_signals.min_train_rows: 504
        ml_signals.momentum_windows:
        - 5
        - 21
        - 63
        ml_signals.short_window: 21
        phase5.bootstrap:
          block_len: 21
          n_boot: 2000
          alpha: 0.1
          seed: 0
        phase5.penalty_grid:
        - 0.0
        - 0.5
        - 1.0
        - 2.0
        phase5.rf_grid:
          max_depth:
          - 3
          - 4
          - 6
          min_samples_leaf:
          - 10
          - 20
          n_estimators:
          - 200
        phase5.shrink_grid:
        - 0.25
        - 0.5
        - 0.75
        - 1.0
        phase5.xgb_grid:
          max_depth:
          - 2
          - 3
          - 4
          learning_rate:
          - 0.03
          - 0.05
          - 0.1
          n_estimators:
          - 200
        purged_cv.embargo_frac: 0.02
        purged_cv.n_splits: 5
        regime.covariance_type: diag
        regime.min_regime_train_days: 252
        regime.n_restarts: 5
        regime.n_states: 2
        regime.random_state_base: 0
    outs:
    - path: data/gold/nested_walkforward_results.json
      hash: md5
      md5: 36d39cef2963517fa7d86eb0d62a6c7b
      size: 7628
  etf_cap_sweep:
    cmd: python experiments/etf_cap_verdict.py
    deps:
    - path: data/gold/currency_manifest.json
      hash: md5
      md5: 533b17de53871eb785bb82b53ab71e74
      size: 4040
    - path: data/gold/log_returns_etf.parquet
      hash: md5
      md5: 400e0385ddefa858cf73dbf285e3c8a4
      size: 317942
    - path: data/gold/ml_features_etf.parquet
      hash: md5
      md5: 97e87574aa4c10ab983b116c8a04d847
      size: 482732
    - path: experiments/etf_cap_verdict.py
      hash: md5
      md5: 222a16d7a3dfa273042ef06d4ba9b9a4
      size: 10182
    - path: src/backtest.py
      hash: md5
      md5: 33b264c68692a63a937944418bb0e1f5
      size: 15621
    - path: src/memo.py
      hash: md5
      md5: fe36eac64ccc01617c4641d6744136f1
      size: 8618
    - path: src/metrics.py
      hash: md5
      md5: a7a9578c1b4daeaf27a2ba9656307de4
      size: 36258
    - path: src/provenance.py
      hash: md5
      md5: c94889064caa35b611042df3346ed175
      size: 9555
    - path: src/regime.py
      hash: md5
      md5: 23cba30454ec306ceea5c08dde3c7299
      size: 10504
    - path: src/strategies.py
      hash: md5
      md5: e14c05a35b6727c01bac51b66afcef58
      size: 32414
    params:
      params.yaml:
        backtest.costs_bps:
          etf: 10
          bvc: 30
        backtest.min_train_days: 252
        backtest.rebalance_freq: ME
        backtest.risk_free_annual: 0.0
        phase5.bootstrap:
          block_len: 21
          n_boot: 2000
          alpha: 0.1
          seed: 0
        regime.covariance_type: diag
        regime.min_regime_train_days: 252
        regime.n_restarts: 5
        regime.n_states: 2
        regime.random_state_base: 0
    outs:
    - path: data/gold/etf_cap_verdict.json
      hash: md5
      md5: 0678cfae329080cca899f2e24e6feefb
      size: 6812
