schema: '2.0'
stages:
  ingest:
    cmd: python src/ingest.py
    deps:
    - path: src/ingest.py
      hash: md5
      md5: b21d39a67ea710a966afe85847a02bc5
      size: 19763
    - path: src/schemas.py
      hash: md5
      md5: 571dff80d91de09c69a78bf836507ae6
      size: 5636
    params:
      params.yaml:
        ingest.start_date: '2004-11-18'
    outs:
    - path: data/bronze/bvc_prices.parquet
      hash: md5
      md5: eccfe591ea0c8eb9ce8e1bb63bc2dfe9
      size: 29926
    - path: data/bronze/raw_bam_macro.parquet
      hash: md5
      md5: bffb98ee7acb96a4d9555b316780f6c6
      size: 109548
    - path: data/bronze/raw_macro.parquet
      hash: md5
      md5: 90cafcae5d45c2eb96d191b0438fe0d8
      size: 128927
    - path: data/bronze/raw_prices.parquet
      hash: md5
      md5: c147d96d46a468ce5effc51396f84aa0
      size: 243682
  clean:
    cmd: python src/clean.py
    deps:
    - path: data/bronze/bvc_dividends
      hash: md5
      md5: f33c41bd81ff15ccfb0876a5dc76f646.dir
      size: 715775
      nfiles: 4
    - path: data/bronze/bvc_prices.parquet
      hash: md5
      md5: eccfe591ea0c8eb9ce8e1bb63bc2dfe9
      size: 29926
    - path: data/bronze/raw_prices.parquet
      hash: md5
      md5: c147d96d46a468ce5effc51396f84aa0
      size: 243682
    - path: src/clean.py
      hash: md5
      md5: e9aa28ea47fc2df87ec58ddcb33a92f7
      size: 17662
    - path: src/dividends.py
      hash: md5
      md5: 7dd76c483b7d926faaf1379f64625834
      size: 14360
    - path: src/schemas.py
      hash: md5
      md5: 571dff80d91de09c69a78bf836507ae6
      size: 5636
    params:
      params.yaml:
        clean.ffill_limit: 5
    outs:
    - path: data/silver/log_returns.parquet
      hash: md5
      md5: bd21b9bc62cc2646edf90cc008ef0a10
      size: 117723
    - path: data/silver/log_returns_etf.parquet
      hash: md5
      md5: 400e0385ddefa858cf73dbf285e3c8a4
      size: 317942
    - path: data/silver/validation_report.json
      hash: md5
      md5: 120d18041fe64668fd2ee4cc53493b60
      size: 1822
    - path: data/silver/validation_report_log_returns_etf.json
      hash: md5
      md5: 88b340977f3894fa581a44e9eb7987af
      size: 1218
  features:
    cmd: python src/features.py
    deps:
    - path: data/bronze/raw_bam_macro.parquet
      hash: md5
      md5: bffb98ee7acb96a4d9555b316780f6c6
      size: 109548
    - path: data/bronze/raw_macro.parquet
      hash: md5
      md5: 90cafcae5d45c2eb96d191b0438fe0d8
      size: 128927
    - path: data/silver/log_returns.parquet
      hash: md5
      md5: bd21b9bc62cc2646edf90cc008ef0a10
      size: 117723
    - path: data/silver/log_returns_etf.parquet
      hash: md5
      md5: 400e0385ddefa858cf73dbf285e3c8a4
      size: 317942
    - path: src/features.py
      hash: md5
      md5: f746629e1d58298111b1b3f08f58ea2e
      size: 9914
    - path: src/schemas.py
      hash: md5
      md5: 571dff80d91de09c69a78bf836507ae6
      size: 5636
    params:
      params.yaml:
        features.macro_lag_days: 1
    outs:
    - path: data/gold/log_returns.parquet
      hash: md5
      md5: bd21b9bc62cc2646edf90cc008ef0a10
      size: 117723
    - path: data/gold/log_returns_etf.parquet
      hash: md5
      md5: 400e0385ddefa858cf73dbf285e3c8a4
      size: 317942
    - path: data/gold/macro_features.parquet
      hash: md5
      md5: c7695b5fcfabded4ed42f6f6b1ed7ac0
      size: 57202
    - path: data/gold/stationarity_report.parquet
      hash: md5
      md5: ae41bba8629553f89f1b47f77e4f3421
      size: 5256
  ml_features:
    cmd: python src/ml_features.py
    deps:
    - path: data/bronze/raw_bam_macro.parquet
      hash: md5
      md5: bffb98ee7acb96a4d9555b316780f6c6
      size: 109548
    - path: data/bronze/raw_macro.parquet
      hash: md5
      md5: 90cafcae5d45c2eb96d191b0438fe0d8
      size: 128927
    - path: data/gold/log_returns.parquet
      hash: md5
      md5: bd21b9bc62cc2646edf90cc008ef0a10
      size: 117723
    - path: data/gold/log_returns_etf.parquet
      hash: md5
      md5: 400e0385ddefa858cf73dbf285e3c8a4
      size: 317942
    - path: src/ml_features.py
      hash: md5
      md5: f25bfc8e5c15060dbdd2fbe43b113083
      size: 18483
    - path: src/utils.py
      hash: md5
      md5: d6e753927fdabb31161e4cfc7a57d1a0
      size: 2936
    params:
      params.yaml:
        ml_features.correlation_min_periods: 42
        ml_features.correlation_window: 63
        ml_features.macro_lag_days: 1
        ml_features.volatility_long_window: 63
        ml_features.volatility_short_window: 21
    outs:
    - path: data/gold/ml_features_etf.parquet
      hash: md5
      md5: 97e87574aa4c10ab983b116c8a04d847
      size: 482732
    - path: data/gold/ml_features_full.parquet
      hash: md5
      md5: cc929d7b138755e25d386463ac5e334f
      size: 121639
    - path: data/gold/ml_features_manifest.json
      hash: md5
      md5: 8f9c986baaa372ebad7c75343598be25
      size: 4741
  phase2_hurdle:
    cmd: python src/run_backtest.py
    deps:
    - path: data/gold/log_returns.parquet
      hash: md5
      md5: bd21b9bc62cc2646edf90cc008ef0a10
      size: 117723
    - path: data/gold/log_returns_etf.parquet
      hash: md5
      md5: 400e0385ddefa858cf73dbf285e3c8a4
      size: 317942
    - path: src/backtest.py
      hash: md5
      md5: 4834fa365383830fc0b40b12bf17a9bd
      size: 13086
    - path: src/memo.py
      hash: md5
      md5: fe36eac64ccc01617c4641d6744136f1
      size: 8618
    - path: src/metrics.py
      hash: md5
      md5: ce8c43bab2d161612eeff74c58e2d4f7
      size: 27027
    - path: src/run_backtest.py
      hash: md5
      md5: 0c487a6acf7cf270a8959cc42926c74c
      size: 8501
    - path: src/strategies.py
      hash: md5
      md5: e14c05a35b6727c01bac51b66afcef58
      size: 32414
    params:
      params.yaml:
        backtest.costs_bps:
          etf: 10
          bvc: 30
        backtest.max_weight: 0.25
        backtest.min_train_days: 252
        backtest.rebalance_freq: ME
        backtest.risk_free_annual: 0.0
    outs:
    - path: data/gold/phase2_hurdle.json
      hash: md5
      md5: 655f015895c13898a158239bb7a6d54f
      size: 535
  phase4_compare:
    cmd: python src/run_phase4.py
    deps:
    - path: data/gold/log_returns.parquet
      hash: md5
      md5: bd21b9bc62cc2646edf90cc008ef0a10
      size: 117723
    - path: data/gold/log_returns_etf.parquet
      hash: md5
      md5: 400e0385ddefa858cf73dbf285e3c8a4
      size: 317942
    - path: data/gold/ml_features_etf.parquet
      hash: md5
      md5: 97e87574aa4c10ab983b116c8a04d847
      size: 482732
    - path: data/gold/ml_features_full.parquet
      hash: md5
      md5: cc929d7b138755e25d386463ac5e334f
      size: 121639
    - path: data/gold/phase2_hurdle.json
      hash: md5
      md5: 655f015895c13898a158239bb7a6d54f
      size: 535
    - path: src/backtest.py
      hash: md5
      md5: 4834fa365383830fc0b40b12bf17a9bd
      size: 13086
    - path: src/dcc_garch.py
      hash: md5
      md5: 8f0ad8884c3143e88beedf421130529e
      size: 9352
    - path: src/memo.py
      hash: md5
      md5: fe36eac64ccc01617c4641d6744136f1
      size: 8618
    - path: src/metrics.py
      hash: md5
      md5: ce8c43bab2d161612eeff74c58e2d4f7
      size: 27027
    - path: src/regime.py
      hash: md5
      md5: 23cba30454ec306ceea5c08dde3c7299
      size: 10504
    - path: src/run_phase4.py
      hash: md5
      md5: 76f45b09b4bf39097ea9c3346b8941b9
      size: 15261
    - path: src/strategies.py
      hash: md5
      md5: e14c05a35b6727c01bac51b66afcef58
      size: 32414
    params:
      params.yaml:
        backtest.costs_bps:
          etf: 10
          bvc: 30
        backtest.max_weight: 0.25
        backtest.min_train_days: 252
        backtest.rebalance_freq: ME
        backtest.risk_free_annual: 0.0
        covariance_dcc_garch.dcc_a_init: 0.02
        covariance_dcc_garch.dcc_b_init: 0.95
        covariance_dcc_garch.garch_p: 1
        covariance_dcc_garch.garch_q: 1
        covariance_dcc_garch.rescale_factor: 100
        covariance_ewma.halflife_days: 63
        regime.bear_strategy: min_variance_lw
        regime.bull_strategy: max_sharpe
        regime.covariance_type: diag
        regime.features:
        - MARKET_RETURN
        - MARKET_VOL_SHORT
        - AVG_PAIRWISE_CORR
        regime.min_regime_train_days: 252
        regime.n_restarts: 5
        regime.n_states: 2
        regime.random_state_base: 0
    outs:
    - path: data/gold/phase4_results.json
      hash: md5
      md5: 7e30328dca66bab419e4f5b9c91d8a8f
      size: 675
  phase4b_compare:
    cmd: python src/run_phase4b.py
    deps:
    - path: data/gold/log_returns.parquet
      hash: md5
      md5: bd21b9bc62cc2646edf90cc008ef0a10
      size: 117723
    - path: data/gold/log_returns_etf.parquet
      hash: md5
      md5: 400e0385ddefa858cf73dbf285e3c8a4
      size: 317942
    - path: data/gold/ml_features_etf.parquet
      hash: md5
      md5: 97e87574aa4c10ab983b116c8a04d847
      size: 482732
    - path: data/gold/ml_features_full.parquet
      hash: md5
      md5: cc929d7b138755e25d386463ac5e334f
      size: 121639
    - path: data/gold/phase4_results.json
      hash: md5
      md5: 7e30328dca66bab419e4f5b9c91d8a8f
      size: 675
    - path: src/backtest.py
      hash: md5
      md5: 4834fa365383830fc0b40b12bf17a9bd
      size: 13086
    - path: src/dcc_garch.py
      hash: md5
      md5: 8f0ad8884c3143e88beedf421130529e
      size: 9352
    - path: src/memo.py
      hash: md5
      md5: fe36eac64ccc01617c4641d6744136f1
      size: 8618
    - path: src/metrics.py
      hash: md5
      md5: ce8c43bab2d161612eeff74c58e2d4f7
      size: 27027
    - path: src/ml_signals.py
      hash: md5
      md5: 071188029a135edb3603331ced677f09
      size: 39005
    - path: src/regime.py
      hash: md5
      md5: 23cba30454ec306ceea5c08dde3c7299
      size: 10504
    - path: src/run_phase4.py
      hash: md5
      md5: 76f45b09b4bf39097ea9c3346b8941b9
      size: 15261
    - path: src/run_phase4b.py
      hash: md5
      md5: c358afc3cc52d45b4b8e14f87bc62180
      size: 12238
    - path: src/strategies.py
      hash: md5
      md5: e14c05a35b6727c01bac51b66afcef58
      size: 32414
    params:
      params.yaml:
        backtest.costs_bps:
          etf: 10
          bvc: 30
        backtest.max_weight: 0.25
        backtest.min_train_days: 252
        backtest.rebalance_freq: ME
        backtest.risk_free_annual: 0.0
        covariance_dcc_garch.dcc_a_init: 0.02
        covariance_dcc_garch.dcc_b_init: 0.95
        covariance_dcc_garch.garch_p: 1
        covariance_dcc_garch.garch_q: 1
        covariance_dcc_garch.rescale_factor: 100
        covariance_ewma.halflife_days: 63
        ml_signals.condition_on_regime: true
        ml_signals.long_window: 63
        ml_signals.min_train_rows: 504
        ml_signals.momentum_windows:
        - 5
        - 21
        - 63
        ml_signals.random_forest:
          n_estimators: 200
          max_depth: 4
          min_samples_leaf: 20
          random_state: 0
        ml_signals.short_window: 21
        ml_signals.xgboost:
          n_estimators: 200
          max_depth: 3
          learning_rate: 0.05
          random_state: 0
        regime.bear_strategy: min_variance_lw
        regime.bull_strategy: max_sharpe
        regime.covariance_type: diag
        regime.features:
        - MARKET_RETURN
        - MARKET_VOL_SHORT
        - AVG_PAIRWISE_CORR
        regime.min_regime_train_days: 252
        regime.n_restarts: 5
        regime.n_states: 2
        regime.random_state_base: 0
    outs:
    - path: data/gold/phase4b_results.json
      hash: md5
      md5: 15e7822d7f2c4f30d590061b9a3fd254
      size: 679
  phase5_compare:
    cmd: python src/run_phase5.py
    deps:
    - path: data/gold/log_returns.parquet
      hash: md5
      md5: bd21b9bc62cc2646edf90cc008ef0a10
      size: 117723
    - path: data/gold/log_returns_etf.parquet
      hash: md5
      md5: 400e0385ddefa858cf73dbf285e3c8a4
      size: 317942
    - path: data/gold/ml_features_etf.parquet
      hash: md5
      md5: 97e87574aa4c10ab983b116c8a04d847
      size: 482732
    - path: data/gold/ml_features_full.parquet
      hash: md5
      md5: cc929d7b138755e25d386463ac5e334f
      size: 121639
    - path: data/gold/phase4_results.json
      hash: md5
      md5: 7e30328dca66bab419e4f5b9c91d8a8f
      size: 675
    - path: src/backtest.py
      hash: md5
      md5: 4834fa365383830fc0b40b12bf17a9bd
      size: 13086
    - path: src/memo.py
      hash: md5
      md5: fe36eac64ccc01617c4641d6744136f1
      size: 8618
    - path: src/metrics.py
      hash: md5
      md5: ce8c43bab2d161612eeff74c58e2d4f7
      size: 27027
    - path: src/ml_signals.py
      hash: md5
      md5: 071188029a135edb3603331ced677f09
      size: 39005
    - path: src/model_selection.py
      hash: md5
      md5: 586e41fc323a71247e125dee54a14634
      size: 13882
    - path: src/purged_kfold.py
      hash: md5
      md5: 6d40001c67cbf63bcc06ad19ff0c9992
      size: 16026
    - path: src/regime.py
      hash: md5
      md5: 23cba30454ec306ceea5c08dde3c7299
      size: 10504
    - path: src/run_phase4.py
      hash: md5
      md5: 76f45b09b4bf39097ea9c3346b8941b9
      size: 15261
    - path: src/run_phase5.py
      hash: md5
      md5: 7daf84e035ba1d43c2cc4cf1b04abde8
      size: 24766
    - path: src/strategies.py
      hash: md5
      md5: e14c05a35b6727c01bac51b66afcef58
      size: 32414
    params:
      params.yaml:
        backtest.costs_bps:
          etf: 10
          bvc: 30
        backtest.max_weight: 0.25
        backtest.min_train_days: 252
        backtest.rebalance_freq: ME
        backtest.risk_free_annual: 0.0
        ml_signals.condition_on_regime: true
        ml_signals.long_window: 63
        ml_signals.min_train_rows: 504
        ml_signals.momentum_windows:
        - 5
        - 21
        - 63
        ml_signals.short_window: 21
        phase5.bootstrap:
          block_len: 21
          n_boot: 2000
          alpha: 0.1
          seed: 0
        phase5.penalty_grid:
        - 0.0
        - 0.5
        - 1.0
        - 2.0
        phase5.rf_grid:
          max_depth:
          - 3
          - 4
          - 6
          min_samples_leaf:
          - 10
          - 20
          n_estimators:
          - 200
        phase5.shrink_grid:
        - 0.25
        - 0.5
        - 0.75
        - 1.0
        phase5.test_frac: 0.35
        phase5.xgb_grid:
          max_depth:
          - 2
          - 3
          - 4
          learning_rate:
          - 0.03
          - 0.05
          - 0.1
          n_estimators:
          - 200
        purged_cv.embargo_frac: 0.02
        purged_cv.n_splits: 5
        regime.bear_strategy: min_variance_lw
        regime.bull_strategy: max_sharpe
        regime.covariance_type: diag
        regime.features:
        - MARKET_RETURN
        - MARKET_VOL_SHORT
        - AVG_PAIRWISE_CORR
        regime.min_regime_train_days: 252
        regime.n_restarts: 5
        regime.n_states: 2
        regime.random_state_base: 0
        walk_forward_cv.embargo_dates: 5
        walk_forward_cv.label_horizon: 1
        walk_forward_cv.min_train_dates: 378
        walk_forward_cv.mode: expanding
        walk_forward_cv.n_splits: 5
        walk_forward_cv.step_dates:
        walk_forward_cv.val_dates: 63
    outs:
    - path: data/gold/dsr_trial_ledger.json
      hash: md5
      md5: 0dab12e3eb7804e6ea6785eb299fa86f
      size: 7212650
    - path: data/gold/paired_comparison_results.json
      hash: md5
      md5: 83c92971ee62cdeb20b578b5c62cf99c
      size: 9774
    - path: data/gold/phase5_results.json
      hash: md5
      md5: d1dc093f808c757ed9ad83ff971054e7
      size: 3908
    - path: data/gold/phase5_validation_protocol.json
      hash: md5
      md5: b7a250c24b1b7427ba4491219b236a56
      size: 12364
  dashboard_data:
    cmd: python src/run_dashboard_data.py
    deps:
    - path: data/gold/log_returns.parquet
      hash: md5
      md5: bd21b9bc62cc2646edf90cc008ef0a10
      size: 117723
    - path: data/gold/log_returns_etf.parquet
      hash: md5
      md5: 400e0385ddefa858cf73dbf285e3c8a4
      size: 317942
    - path: data/gold/ml_features_etf.parquet
      hash: md5
      md5: 97e87574aa4c10ab983b116c8a04d847
      size: 482732
    - path: data/gold/ml_features_full.parquet
      hash: md5
      md5: cc929d7b138755e25d386463ac5e334f
      size: 121639
    - path: data/gold/phase5_results.json
      hash: md5
      md5: d1dc093f808c757ed9ad83ff971054e7
      size: 3908
    - path: src/backtest.py
      hash: md5
      md5: 4834fa365383830fc0b40b12bf17a9bd
      size: 13086
    - path: src/memo.py
      hash: md5
      md5: fe36eac64ccc01617c4641d6744136f1
      size: 8618
    - path: src/metrics.py
      hash: md5
      md5: ce8c43bab2d161612eeff74c58e2d4f7
      size: 27027
    - path: src/regime.py
      hash: md5
      md5: 23cba30454ec306ceea5c08dde3c7299
      size: 10504
    - path: src/run_dashboard_data.py
      hash: md5
      md5: a22853657dbd8ff3795ee1705a456132
      size: 17153
    - path: src/run_phase4.py
      hash: md5
      md5: 76f45b09b4bf39097ea9c3346b8941b9
      size: 15261
    - path: src/strategies.py
      hash: md5
      md5: e14c05a35b6727c01bac51b66afcef58
      size: 32414
    params:
      params.yaml:
        backtest.costs_bps:
          etf: 10
          bvc: 30
        backtest.max_weight: 0.25
        backtest.min_train_days: 252
        backtest.rebalance_freq: ME
        backtest.risk_free_annual: 0.0
        regime.covariance_type: diag
        regime.features:
        - MARKET_RETURN
        - MARKET_VOL_SHORT
        - AVG_PAIRWISE_CORR
        regime.min_regime_train_days: 252
        regime.n_restarts: 5
        regime.n_states: 2
        regime.random_state_base: 0
    outs:
    - path: data/gold/dashboard_equity.parquet
      hash: md5
      md5: bc54a6643f7123ea451d03222eebb5bc
      size: 465978
    - path: data/gold/dashboard_regime.parquet
      hash: md5
      md5: 32de85c8bc584bd08f4aba3363c42a50
      size: 12063
    - path: data/gold/dashboard_showcase.json
      hash: md5
      md5: 2abdefda287391cdaee68824261e8fbb
      size: 4011
    - path: data/gold/dashboard_weights.parquet
      hash: md5
      md5: 35df5d1cef889227bf6b2b5f2e5dcb69
      size: 17762
  phase4c_compare:
    cmd: python src/run_phase4c.py
    deps:
    - path: data/gold/log_returns.parquet
      hash: md5
      md5: bd21b9bc62cc2646edf90cc008ef0a10
      size: 117723
    - path: data/gold/log_returns_etf.parquet
      hash: md5
      md5: 400e0385ddefa858cf73dbf285e3c8a4
      size: 317942
    - path: data/gold/ml_features_etf.parquet
      hash: md5
      md5: 97e87574aa4c10ab983b116c8a04d847
      size: 482732
    - path: data/gold/ml_features_full.parquet
      hash: md5
      md5: cc929d7b138755e25d386463ac5e334f
      size: 121639
    - path: data/gold/phase4_results.json
      hash: md5
      md5: 7e30328dca66bab419e4f5b9c91d8a8f
      size: 675
    - path: src/backtest.py
      hash: md5
      md5: 4834fa365383830fc0b40b12bf17a9bd
      size: 13086
    - path: src/dcc_garch.py
      hash: md5
      md5: 8f0ad8884c3143e88beedf421130529e
      size: 9352
    - path: src/memo.py
      hash: md5
      md5: fe36eac64ccc01617c4641d6744136f1
      size: 8618
    - path: src/metrics.py
      hash: md5
      md5: ce8c43bab2d161612eeff74c58e2d4f7
      size: 27027
    - path: src/ml_signals.py
      hash: md5
      md5: 071188029a135edb3603331ced677f09
      size: 39005
    - path: src/regime.py
      hash: md5
      md5: 23cba30454ec306ceea5c08dde3c7299
      size: 10504
    - path: src/run_phase4.py
      hash: md5
      md5: 76f45b09b4bf39097ea9c3346b8941b9
      size: 15261
    - path: src/run_phase4b.py
      hash: md5
      md5: c358afc3cc52d45b4b8e14f87bc62180
      size: 12238
    - path: src/run_phase4c.py
      hash: md5
      md5: ea91c942132f5fc8c33bec8e64d7d16e
      size: 15135
    - path: src/strategies.py
      hash: md5
      md5: e14c05a35b6727c01bac51b66afcef58
      size: 32414
    params:
      params.yaml:
        backtest.costs_bps:
          etf: 10
          bvc: 30
        backtest.max_weight: 0.25
        backtest.min_train_days: 252
        backtest.rebalance_freq: ME
        backtest.risk_free_annual: 0.0
        covariance_dcc_garch.dcc_a_init: 0.02
        covariance_dcc_garch.dcc_b_init: 0.95
        covariance_dcc_garch.garch_p: 1
        covariance_dcc_garch.garch_q: 1
        covariance_dcc_garch.rescale_factor: 100
        covariance_ewma.halflife_days: 63
        ml_signals.condition_on_regime: true
        ml_signals.long_window: 63
        ml_signals.min_train_rows: 504
        ml_signals.momentum_windows:
        - 5
        - 21
        - 63
        ml_signals.random_forest:
          n_estimators: 200
          max_depth: 4
          min_samples_leaf: 20
          random_state: 0
        ml_signals.short_window: 21
        ml_signals.xgboost:
          n_estimators: 200
          max_depth: 3
          learning_rate: 0.05
          random_state: 0
        phase4c.shrinkage_weight: 0.5
        phase4c.turnover_penalty: 1.0
        regime.bear_strategy: min_variance_lw
        regime.bull_strategy: max_sharpe
        regime.covariance_type: diag
        regime.features:
        - MARKET_RETURN
        - MARKET_VOL_SHORT
        - AVG_PAIRWISE_CORR
        regime.min_regime_train_days: 252
        regime.n_restarts: 5
        regime.n_states: 2
        regime.random_state_base: 0
    outs:
    - path: data/gold/phase4c_results.json
      hash: md5
      md5: d7301036419bdb5350a5eaffdd7555b4
      size: 4488
  crisis_windows:
    cmd: python experiments/crisis_windows.py
    deps:
    - path: data/gold/dashboard_equity.parquet
      hash: md5
      md5: bc54a6643f7123ea451d03222eebb5bc
      size: 465978
    - path: data/gold/dashboard_regime.parquet
      hash: md5
      md5: 32de85c8bc584bd08f4aba3363c42a50
      size: 12063
    - path: experiments/crisis_windows.py
      hash: md5
      md5: 9de6c84df231946dfaf2cffb90d25cef
      size: 12473
    outs:
    - path: data/gold/crisis_windows.json
      hash: md5
      md5: e17d9728441a2fd9fe0261adfb31622b
      size: 8360
  snapshot_manifest:
    cmd: python src/snapshot.py write
    deps:
    - path: data/bronze/bvc_prices.parquet
      hash: md5
      md5: eccfe591ea0c8eb9ce8e1bb63bc2dfe9
      size: 29926
    - path: data/bronze/raw_bam_macro.parquet
      hash: md5
      md5: bffb98ee7acb96a4d9555b316780f6c6
      size: 109548
    - path: data/bronze/raw_macro.parquet
      hash: md5
      md5: 90cafcae5d45c2eb96d191b0438fe0d8
      size: 128927
    - path: data/bronze/raw_prices.parquet
      hash: md5
      md5: c147d96d46a468ce5effc51396f84aa0
      size: 243682
    - path: data/gold/crisis_windows.json
      hash: md5
      md5: e17d9728441a2fd9fe0261adfb31622b
      size: 8360
    - path: data/gold/dashboard_equity.parquet
      hash: md5
      md5: bc54a6643f7123ea451d03222eebb5bc
      size: 465978
    - path: data/gold/dashboard_regime.parquet
      hash: md5
      md5: 32de85c8bc584bd08f4aba3363c42a50
      size: 12063
    - path: data/gold/dashboard_showcase.json
      hash: md5
      md5: 2abdefda287391cdaee68824261e8fbb
      size: 4011
    - path: data/gold/dashboard_weights.parquet
      hash: md5
      md5: 35df5d1cef889227bf6b2b5f2e5dcb69
      size: 17762
    - path: data/gold/dsr_trial_ledger.json
      hash: md5
      md5: 0dab12e3eb7804e6ea6785eb299fa86f
      size: 7212650
    - path: data/gold/log_returns.parquet
      hash: md5
      md5: bd21b9bc62cc2646edf90cc008ef0a10
      size: 117723
    - path: data/gold/log_returns_etf.parquet
      hash: md5
      md5: 400e0385ddefa858cf73dbf285e3c8a4
      size: 317942
    - path: data/gold/ml_features_etf.parquet
      hash: md5
      md5: 97e87574aa4c10ab983b116c8a04d847
      size: 482732
    - path: data/gold/ml_features_full.parquet
      hash: md5
      md5: cc929d7b138755e25d386463ac5e334f
      size: 121639
    - path: data/gold/paired_comparison_results.json
      hash: md5
      md5: 83c92971ee62cdeb20b578b5c62cf99c
      size: 9774
    - path: data/gold/phase2_hurdle.json
      hash: md5
      md5: 655f015895c13898a158239bb7a6d54f
      size: 535
    - path: data/gold/phase4_results.json
      hash: md5
      md5: 7e30328dca66bab419e4f5b9c91d8a8f
      size: 675
    - path: data/gold/phase4b_results.json
      hash: md5
      md5: 15e7822d7f2c4f30d590061b9a3fd254
      size: 679
    - path: data/gold/phase4c_results.json
      hash: md5
      md5: d7301036419bdb5350a5eaffdd7555b4
      size: 4488
    - path: data/gold/phase5_results.json
      hash: md5
      md5: d1dc093f808c757ed9ad83ff971054e7
      size: 3908
    - path: data/gold/phase5_validation_protocol.json
      hash: md5
      md5: b7a250c24b1b7427ba4491219b236a56
      size: 12364
    - path: params.yaml
      hash: md5
      md5: 78a3e7c8877df429424f72d6896e39c3
      size: 10489
    - path: requirements.lock.txt
      hash: md5
      md5: ab5a746d0bd42b36a086c3ca7636bb95
      size: 5950
    - path: requirements.txt
      hash: md5
      md5: 7e34d130357c3ae870d20d912f39b27d
      size: 3554
    - path: src/snapshot.py
      hash: md5
      md5: 44df9105d0576424d217b422428fde9e
      size: 10841
    outs:
    - path: data/gold/snapshot_manifest.json
      hash: md5
      md5: cf305ce5900f8668a1a1b1f13ba61ccd
      size: 7649
  smoke:
    cmd: python scripts/smoke_pipeline.py
    deps:
    - path: scripts/smoke_pipeline.py
      hash: md5
      md5: 90fc7f912b76ee3abc7261e014d1b08a
      size: 6776
    - path: src/backtest.py
      hash: md5
      md5: 4834fa365383830fc0b40b12bf17a9bd
      size: 13086
    - path: src/memo.py
      hash: md5
      md5: fe36eac64ccc01617c4641d6744136f1
      size: 8618
    - path: src/ml_signals.py
      hash: md5
      md5: 071188029a135edb3603331ced677f09
      size: 39005
    - path: src/regime.py
      hash: md5
      md5: 23cba30454ec306ceea5c08dde3c7299
      size: 10504
    - path: src/strategies.py
      hash: md5
      md5: e14c05a35b6727c01bac51b66afcef58
      size: 32414
    outs:
    - path: data/smoke/smoke_results.json
      hash: md5
      md5: 47cdd73ed6f648e84fbb982694ca5a12
      size: 1205
  scrape_dividends:
    cmd: python src/dividends.py
    deps:
    - path: src/dividends.py
      hash: md5
      md5: 7dd76c483b7d926faaf1379f64625834
      size: 14360
    outs:
    - path: data/bronze/bvc_dividends
      hash: md5
      md5: f33c41bd81ff15ccfb0876a5dc76f646.dir
      size: 715775
      nfiles: 4
